
Microsoft Visual Studio Solution File, Format Version 12.00
# Visual Studio Version 17
VisualStudioVersion = 17.14.36511.14
MinimumVisualStudioVersion = 10.0.40219.1
Project("{FAE04EC0-301F-11D3-BF4B-00C04F79EFBC}") = "TheVinBoxProject.ConsoleApp", "TheVinBoxProject.ConsoleApp\TheVinBoxProject.ConsoleApp.csproj", "{EAFC8F88-6190-7A79-9DFA-A4785DFECFD2}"
EndProject
Project("{FAE04EC0-301F-11D3-BF4B-00C04F79EFBC}") = "TheVinBoxProject.Core", "TheVinBoxProject.Core\TheVinBoxProject.Core.csproj", "{85C6FC7D-BF6E-1FC5-FE71-39C3D14B5E1C}"
EndProject
Project("{FAE04EC0-301F-11D3-BF4B-00C04F79EFBC}") = "TheVinBoxProject.UI", "TheVinBoxProject.UI\TheVinBoxProject.UI.csproj", "{F4C5DEF0-965B-42B0-8C4D-25117F34C5B0}"
EndProject
Project("{FAE04EC0-301F-11D3-BF4B-00C04F79EFBC}") = "TheVinBoxProject.GmailWatcher", "TheVinBoxProject.GmailWatcher\TheVinBoxProject.GmailWatcher.csproj", "{BEEC1837-8EC2-4366-901D-EE1FEC609A20}"
EndProject
Global
	GlobalSection(SolutionConfigurationPlatforms) = preSolution
		Debug|Any CPU = Debug|Any CPU
		Release|Any CPU = Release|Any CPU
	EndGlobalSection
	GlobalSection(ProjectConfigurationPlatforms) = postSolution
		{EAFC8F88-6190-7A79-9DFA-A4785DFECFD2}.Debug|Any CPU.ActiveCfg = Debug|Any CPU
		{EAFC8F88-6190-7A79-9DFA-A4785DFECFD2}.Debug|Any CPU.Build.0 = Debug|Any CPU
		{EAFC8F88-6190-7A79-9DFA-A4785DFECFD2}.Release|Any CPU.ActiveCfg = Release|Any CPU
		{EAFC8F88-6190-7A79-9DFA-A4785DFECFD2}.Release|Any CPU.Build.0 = Release|Any CPU
		{85C6FC7D-BF6E-1FC5-FE71-39C3D14B5E1C}.Debug|Any CPU.ActiveCfg = Debug|Any CPU
		{85C6FC7D-BF6E-1FC5-FE71-39C3D14B5E1C}.Debug|Any CPU.Build.0 = Debug|Any CPU
		{85C6FC7D-BF6E-1FC5-FE71-39C3D14B5E1C}.Release|Any CPU.ActiveCfg = Release|Any CPU
		{85C6FC7D-BF6E-1FC5-FE71-39C3D14B5E1C}.Release|Any CPU.Build.0 = Release|Any CPU
		{F4C5DEF0-965B-42B0-8C4D-25117F34C5B0}.Debug|Any CPU.ActiveCfg = Debug|Any CPU
		{F4C5DEF0-965B-42B0-8C4D-25117F34C5B0}.Debug|Any CPU.Build.0 = Debug|Any CPU
		{F4C5DEF0-965B-42B0-8C4D-25117F34C5B0}.Release|Any CPU.ActiveCfg = Release|Any CPU
		{F4C5DEF0-965B-42B0-8C4D-25117F34C5B0}.Release|Any CPU.Build.0 = Release|Any CPU
		{BEEC1837-8EC2-4366-901D-EE1FEC609A20}.Debug|Any CPU.ActiveCfg = Debug|Any CPU
		{BEEC1837-8EC2-4366-901D-EE1FEC609A20}.Debug|Any CPU.Build.0 = Debug|Any CPU
		{BEEC1837-8EC2-4366-901D-EE1FEC609A20}.Release|Any CPU.ActiveCfg = Release|Any CPU
		{BEEC1837-8EC2-4366-901D-EE1FEC609A20}.Release|Any CPU.Build.0 = Release|Any CPU
	EndGlobalSection
	GlobalSection(SolutionProperties) = preSolution
		HideSolutionNode = FALSE
	EndGlobalSection
	GlobalSection(ExtensibilityGlobals) = postSolution
		SolutionGuid = {8B967AA4-BD53-45C4-A00A-E80FD0FA11F6}
	EndGlobalSection
EndGlobal
